
Microsoft Visual Studio Solution File, Format Version 12.00
# Visual Studio Version 17
VisualStudioVersion = 17.14.36109.1 d17.14
MinimumVisualStudioVersion = 10.0.40219.1
Project("{FAE04EC0-301F-11D3-BF4B-00C04F79EFBC}") = "GameArena", "GameArena.csproj", "{4D1A0A8B-D09E-4A0F-B8D4-F4CC2AC8DA30}"
EndProject
Global
	GlobalSection(SolutionConfigurationPlatforms) = preSolution
		Debug|Any CPU = Debug|Any CPU
		Release|Any CPU = Release|Any CPU
	EndGlobalSection
	GlobalSection(ProjectConfigurationPlatforms) = postSolution
		{4D1A0A8B-D09E-4A0F-B8D4-F4CC2AC8DA30}.Debug|Any CPU.ActiveCfg = Debug|Any CPU
		{4D1A0A8B-D09E-4A0F-B8D4-F4CC2AC8DA30}.Debug|Any CPU.Build.0 = Debug|Any CPU
		{4D1A0A8B-D09E-4A0F-B8D4-F4CC2AC8DA30}.Release|Any CPU.ActiveCfg = Release|Any CPU
		{4D1A0A8B-D09E-4A0F-B8D4-F4CC2AC8DA30}.Release|Any CPU.Build.0 = Release|Any CPU
	EndGlobalSection
	GlobalSection(SolutionProperties) = preSolution
		HideSolutionNode = FALSE
	EndGlobalSection
	GlobalSection(ExtensibilityGlobals) = postSolution
		SolutionGuid = {99E4CC11-615D-40A9-BBBF-377809837270}
	EndGlobalSection
EndGlobal
